
Microsoft Visual Studio Solution File, Format Version 12.00
# Visual Studio 15
VisualStudioVersion = 15.0.28306.52
MinimumVisualStudioVersion = 10.0.40219.1
Project("{FAE04EC0-301F-11D3-BF4B-00C04F79EFBC}") = "WeatherBotService", "WeatherBotService\WeatherBotService.csproj", "{DC7501E4-CDBB-4ABE-8A55-EDB0B8A212F5}"
EndProject
Global
	GlobalSection(SolutionConfigurationPlatforms) = preSolution
		Debug|Any CPU = Debug|Any CPU
		Release|Any CPU = Release|Any CPU
	EndGlobalSection
	GlobalSection(ProjectConfigurationPlatforms) = postSolution
		{DC7501E4-CDBB-4ABE-8A55-EDB0B8A212F5}.Debug|Any CPU.ActiveCfg = Debug|Any CPU
		{DC7501E4-CDBB-4ABE-8A55-EDB0B8A212F5}.Debug|Any CPU.Build.0 = Debug|Any CPU
		{DC7501E4-CDBB-4ABE-8A55-EDB0B8A212F5}.Release|Any CPU.ActiveCfg = Release|Any CPU
		{DC7501E4-CDBB-4ABE-8A55-EDB0B8A212F5}.Release|Any CPU.Build.0 = Release|Any CPU
	EndGlobalSection
	GlobalSection(SolutionProperties) = preSolution
		HideSolutionNode = FALSE
	EndGlobalSection
	GlobalSection(ExtensibilityGlobals) = postSolution
		SolutionGuid = {BFD76996-01BA-4447-9F3A-5F3BD822F96F}
	EndGlobalSection
EndGlobal
